
Microsoft Visual Studio Solution File, Format Version 12.00
# Visual Studio Version 17
VisualStudioVersion = 17.5.33530.505
MinimumVisualStudioVersion = 10.0.40219.1
Project("{FAE04EC0-301F-11D3-BF4B-00C04F79EFBC}") = "Todo.Api", "Todo.Api\Todo.Api.csproj", "{D59182D6-D5F3-4C88-9A5A-2B7C40D4DA4A}"
EndProject
Project("{FAE04EC0-301F-11D3-BF4B-00C04F79EFBC}") = "Todo.Api.Common", "Todo.Api.Common\Todo.Api.Common.csproj", "{9AD4A7B5-5C55-4E43-A6BB-525EC5ABBAAD}"
EndProject
Project("{FAE04EC0-301F-11D3-BF4B-00C04F79EFBC}") = "Todo.Api.Repository", "Todo.Api.Repository\Todo.Api.Repository.csproj", "{30869774-E21C-43FA-98A9-E97F7DB33D7F}"
EndProject
Global
	GlobalSection(SolutionConfigurationPlatforms) = preSolution
		Debug|Any CPU = Debug|Any CPU
		Release|Any CPU = Release|Any CPU
	EndGlobalSection
	GlobalSection(ProjectConfigurationPlatforms) = postSolution
		{D59182D6-D5F3-4C88-9A5A-2B7C40D4DA4A}.Debug|Any CPU.ActiveCfg = Debug|Any CPU
		{D59182D6-D5F3-4C88-9A5A-2B7C40D4DA4A}.Debug|Any CPU.Build.0 = Debug|Any CPU
		{D59182D6-D5F3-4C88-9A5A-2B7C40D4DA4A}.Release|Any CPU.ActiveCfg = Release|Any CPU
		{D59182D6-D5F3-4C88-9A5A-2B7C40D4DA4A}.Release|Any CPU.Build.0 = Release|Any CPU
		{9AD4A7B5-5C55-4E43-A6BB-525EC5ABBAAD}.Debug|Any CPU.ActiveCfg = Debug|Any CPU
		{9AD4A7B5-5C55-4E43-A6BB-525EC5ABBAAD}.Debug|Any CPU.Build.0 = Debug|Any CPU
		{9AD4A7B5-5C55-4E43-A6BB-525EC5ABBAAD}.Release|Any CPU.ActiveCfg = Release|Any CPU
		{9AD4A7B5-5C55-4E43-A6BB-525EC5ABBAAD}.Release|Any CPU.Build.0 = Release|Any CPU
		{30869774-E21C-43FA-98A9-E97F7DB33D7F}.Debug|Any CPU.ActiveCfg = Debug|Any CPU
		{30869774-E21C-43FA-98A9-E97F7DB33D7F}.Debug|Any CPU.Build.0 = Debug|Any CPU
		{30869774-E21C-43FA-98A9-E97F7DB33D7F}.Release|Any CPU.ActiveCfg = Release|Any CPU
		{30869774-E21C-43FA-98A9-E97F7DB33D7F}.Release|Any CPU.Build.0 = Release|Any CPU
	EndGlobalSection
	GlobalSection(SolutionProperties) = preSolution
		HideSolutionNode = FALSE
	EndGlobalSection
	GlobalSection(ExtensibilityGlobals) = postSolution
		SolutionGuid = {71AFC4F5-7872-4DCE-AB7C-425275EB91FC}
	EndGlobalSection
EndGlobal
